
Microsoft Visual Studio Solution File, Format Version 12.00
# Visual Studio Version 17
VisualStudioVersion = 17.4.33403.182
MinimumVisualStudioVersion = 10.0.40219.1
Project("{FAE04EC0-301F-11D3-BF4B-00C04F79EFBC}") = "TaskAPI", "TaskAPI\TaskAPI.csproj", "{978E02EB-F402-4E74-957C-3704F1691A26}"
EndProject
Global
	GlobalSection(SolutionConfigurationPlatforms) = preSolution
		Debug|Any CPU = Debug|Any CPU
		Release|Any CPU = Release|Any CPU
	EndGlobalSection
	GlobalSection(ProjectConfigurationPlatforms) = postSolution
		{978E02EB-F402-4E74-957C-3704F1691A26}.Debug|Any CPU.ActiveCfg = Debug|Any CPU
		{978E02EB-F402-4E74-957C-3704F1691A26}.Debug|Any CPU.Build.0 = Debug|Any CPU
		{978E02EB-F402-4E74-957C-3704F1691A26}.Release|Any CPU.ActiveCfg = Release|Any CPU
		{978E02EB-F402-4E74-957C-3704F1691A26}.Release|Any CPU.Build.0 = Release|Any CPU
	EndGlobalSection
	GlobalSection(SolutionProperties) = preSolution
		HideSolutionNode = FALSE
	EndGlobalSection
	GlobalSection(ExtensibilityGlobals) = postSolution
		SolutionGuid = {4F39F36E-D26E-47B5-B560-EA329FC67569}
	EndGlobalSection
EndGlobal
